
Microsoft Visual Studio Solution File, Format Version 12.00
# Visual Studio Version 17
VisualStudioVersion = 17.13.35919.96 d17.13
MinimumVisualStudioVersion = 10.0.40219.1
Project("{FAE04EC0-301F-11D3-BF4B-00C04F79EFBC}") = "Log용", "Log용\Log용.csproj", "{3D28BDA3-EADD-40DA-8CE8-EBCF72D253EB}"
EndProject
Global
	GlobalSection(SolutionConfigurationPlatforms) = preSolution
		Debug|Any CPU = Debug|Any CPU
		Release|Any CPU = Release|Any CPU
	EndGlobalSection
	GlobalSection(ProjectConfigurationPlatforms) = postSolution
		{3D28BDA3-EADD-40DA-8CE8-EBCF72D253EB}.Debug|Any CPU.ActiveCfg = Debug|Any CPU
		{3D28BDA3-EADD-40DA-8CE8-EBCF72D253EB}.Debug|Any CPU.Build.0 = Debug|Any CPU
		{3D28BDA3-EADD-40DA-8CE8-EBCF72D253EB}.Release|Any CPU.ActiveCfg = Release|Any CPU
		{3D28BDA3-EADD-40DA-8CE8-EBCF72D253EB}.Release|Any CPU.Build.0 = Release|Any CPU
	EndGlobalSection
	GlobalSection(SolutionProperties) = preSolution
		HideSolutionNode = FALSE
	EndGlobalSection
	GlobalSection(ExtensibilityGlobals) = postSolution
		SolutionGuid = {7B8AA97F-646D-4BDE-9D2C-CD19819365B9}
	EndGlobalSection
EndGlobal
